
Microsoft Visual Studio Solution File, Format Version 12.00
# Visual Studio 15
VisualStudioVersion = 15.0.27130.2036
MinimumVisualStudioVersion = 10.0.40219.1
Project("{FAE04EC0-301F-11D3-BF4B-00C04F79EFBC}") = "Anemone", "Anemone\Anemone.csproj", "{CB97AFDE-7AFB-4A9E-8865-BC5ADF5ED253}"
EndProject
Project("{2150E333-8FDC-42A3-9474-1A3956D46DE8}") = "SolutionItems", "SolutionItems", "{0E0C497C-79F5-4739-A3E7-7E9D875B8344}"
	ProjectSection(SolutionItems) = preProject
		..\.gitignore = ..\.gitignore
		..\LICENSE = ..\LICENSE
		..\README.md = ..\README.md
	EndProjectSection
EndProject
Global
	GlobalSection(SolutionConfigurationPlatforms) = preSolution
		Debug|ARM = Debug|ARM
		Debug|x64 = Debug|x64
		Debug|x86 = Debug|x86
		Release|ARM = Release|ARM
		Release|x64 = Release|x64
		Release|x86 = Release|x86
	EndGlobalSection
	GlobalSection(ProjectConfigurationPlatforms) = postSolution
		{CB97AFDE-7AFB-4A9E-8865-BC5ADF5ED253}.Debug|ARM.ActiveCfg = Debug|ARM
		{CB97AFDE-7AFB-4A9E-8865-BC5ADF5ED253}.Debug|ARM.Build.0 = Debug|ARM
		{CB97AFDE-7AFB-4A9E-8865-BC5ADF5ED253}.Debug|ARM.Deploy.0 = Debug|ARM
		{CB97AFDE-7AFB-4A9E-8865-BC5ADF5ED253}.Debug|x64.ActiveCfg = Debug|x64
		{CB97AFDE-7AFB-4A9E-8865-BC5ADF5ED253}.Debug|x64.Build.0 = Debug|x64
		{CB97AFDE-7AFB-4A9E-8865-BC5ADF5ED253}.Debug|x64.Deploy.0 = Debug|x64
		{CB97AFDE-7AFB-4A9E-8865-BC5ADF5ED253}.Debug|x86.ActiveCfg = Debug|x86
		{CB97AFDE-7AFB-4A9E-8865-BC5ADF5ED253}.Debug|x86.Build.0 = Debug|x86
		{CB97AFDE-7AFB-4A9E-8865-BC5ADF5ED253}.Debug|x86.Deploy.0 = Debug|x86
		{CB97AFDE-7AFB-4A9E-8865-BC5ADF5ED253}.Release|ARM.ActiveCfg = Release|ARM
		{CB97AFDE-7AFB-4A9E-8865-BC5ADF5ED253}.Release|ARM.Build.0 = Release|ARM
		{CB97AFDE-7AFB-4A9E-8865-BC5ADF5ED253}.Release|ARM.Deploy.0 = Release|ARM
		{CB97AFDE-7AFB-4A9E-8865-BC5ADF5ED253}.Release|x64.ActiveCfg = Release|x64
		{CB97AFDE-7AFB-4A9E-8865-BC5ADF5ED253}.Release|x64.Build.0 = Release|x64
		{CB97AFDE-7AFB-4A9E-8865-BC5ADF5ED253}.Release|x64.Deploy.0 = Release|x64
		{CB97AFDE-7AFB-4A9E-8865-BC5ADF5ED253}.Release|x86.ActiveCfg = Release|x86
		{CB97AFDE-7AFB-4A9E-8865-BC5ADF5ED253}.Release|x86.Build.0 = Release|x86
		{CB97AFDE-7AFB-4A9E-8865-BC5ADF5ED253}.Release|x86.Deploy.0 = Release|x86
	EndGlobalSection
	GlobalSection(SolutionProperties) = preSolution
		HideSolutionNode = FALSE
	EndGlobalSection
	GlobalSection(ExtensibilityGlobals) = postSolution
		SolutionGuid = {C4571D82-56DF-42E9-A192-F7C9172CD927}
	EndGlobalSection
EndGlobal
